// !$*UTF8*$!
{
	archiveVersion = 1;
	classes = {
	};
	objectVersion = 46;
	objects = {

/* Begin PBXBuildFile section */
		3E1257161F16B66B00E7A557 /* AppDelegate.swift in Sources */ = {isa = PBXBuildFile; fileRef = 3E1257151F16B66B00E7A557 /* AppDelegate.swift */; };
		3E12571B1F16B66B00E7A557 /* Main.storyboard in Resources */ = {isa = PBXBuildFile; fileRef = 3E1257191F16B66B00E7A557 /* Main.storyboard */; };
		3E12571D1F16B66B00E7A557 /* Assets.xcassets in Resources */ = {isa = PBXBuildFile; fileRef = 3E12571C1F16B66B00E7A557 /* Assets.xcassets */; };
		3E12572A1F16B83D00E7A557 /* LaunchScreen.xib in Resources */ = {isa = PBXBuildFile; fileRef = 3E1257291F16B83D00E7A557 /* LaunchScreen.xib */; };
		3E12572C1F16B9DA00E7A557 /* LoginViewController.swift in Sources */ = {isa = PBXBuildFile; fileRef = 3E12572B1F16B9DA00E7A557 /* LoginViewController.swift */; };
		3E27CB891F43716A00F99672 /* StudentInformation.swift in Sources */ = {isa = PBXBuildFile; fileRef = 3E27CB881F43716A00F99672 /* StudentInformation.swift */; };
		3E27CB8B1F4381C400F99672 /* StudentData.swift in Sources */ = {isa = PBXBuildFile; fileRef = 3E27CB8A1F4381C400F99672 /* StudentData.swift */; };
		3E27CB8D1F4388EB00F99672 /* MapViewController.swift in Sources */ = {isa = PBXBuildFile; fileRef = 3E27CB8C1F4388EB00F99672 /* MapViewController.swift */; };
		3E27CB911F438E4A00F99672 /* StudentTableViewController.swift in Sources */ = {isa = PBXBuildFile; fileRef = 3E27CB901F438E4A00F99672 /* StudentTableViewController.swift */; };
		3E27CB931F438FD100F99672 /* StudentTableViewCell.swift in Sources */ = {isa = PBXBuildFile; fileRef = 3E27CB921F438FD100F99672 /* StudentTableViewCell.swift */; };
		3E4BAA651F3B829B00767A7C /* Constants.swift in Sources */ = {isa = PBXBuildFile; fileRef = 3E4BAA641F3B829B00767A7C /* Constants.swift */; };
		3E4FDCF61F3CDFDD00067FB9 /* UdacityClient.swift in Sources */ = {isa = PBXBuildFile; fileRef = 3E4FDCF51F3CDFDD00067FB9 /* UdacityClient.swift */; };
		3E4FDCF81F3CE23B00067FB9 /* GCDBlackBox.swift in Sources */ = {isa = PBXBuildFile; fileRef = 3E4FDCF71F3CE23B00067FB9 /* GCDBlackBox.swift */; };
		3E4FDCFA1F3CF0C200067FB9 /* UdacityConvenience.swift in Sources */ = {isa = PBXBuildFile; fileRef = 3E4FDCF91F3CF0C200067FB9 /* UdacityConvenience.swift */; };
		3ECB38791F6C0C23004901F8 /* ParseClient.swift in Sources */ = {isa = PBXBuildFile; fileRef = 3ECB38781F6C0C23004901F8 /* ParseClient.swift */; };
		3ECB387B1F6C286F004901F8 /* ParseConvenience.swift in Sources */ = {isa = PBXBuildFile; fileRef = 3ECB387A1F6C286F004901F8 /* ParseConvenience.swift */; };
/* End PBXBuildFile section */

/* Begin PBXFileReference section */
		3E1257121F16B66B00E7A557 /* OnTheMap.app */ = {isa = PBXFileReference; explicitFileType = wrapper.application; includeInIndex = 0; path = OnTheMap.app; sourceTree = BUILT_PRODUCTS_DIR; };
		3E1257151F16B66B00E7A557 /* AppDelegate.swift */ = {isa = PBXFileReference; lastKnownFileType = sourcecode.swift; path = AppDelegate.swift; sourceTree = "<group>"; };
		3E12571A1F16B66B00E7A557 /* Base */ = {isa = PBXFileReference; lastKnownFileType = file.storyboard; name = Base; path = Base.lproj/Main.storyboard; sourceTree = "<group>"; };
		3E12571C1F16B66B00E7A557 /* Assets.xcassets */ = {isa = PBXFileReference; lastKnownFileType = folder.assetcatalog; path = Assets.xcassets; sourceTree = "<group>"; };
		3E1257211F16B66B00E7A557 /* Info.plist */ = {isa = PBXFileReference; lastKnownFileType = text.plist.xml; path = Info.plist; sourceTree = "<group>"; };
		3E1257291F16B83D00E7A557 /* LaunchScreen.xib */ = {isa = PBXFileReference; fileEncoding = 4; lastKnownFileType = file.xib; name = LaunchScreen.xib; path = Assets.xcassets/LaunchScreen.xib; sourceTree = "<group>"; };
		3E12572B1F16B9DA00E7A557 /* LoginViewController.swift */ = {isa = PBXFileReference; fileEncoding = 4; lastKnownFileType = sourcecode.swift; path = LoginViewController.swift; sourceTree = "<group>"; };
		3E27CB881F43716A00F99672 /* StudentInformation.swift */ = {isa = PBXFileReference; fileEncoding = 4; lastKnownFileType = sourcecode.swift; path = StudentInformation.swift; sourceTree = "<group>"; };
		3E27CB8A1F4381C400F99672 /* StudentData.swift */ = {isa = PBXFileReference; fileEncoding = 4; lastKnownFileType = sourcecode.swift; path = StudentData.swift; sourceTree = "<group>"; };
		3E27CB8C1F4388EB00F99672 /* MapViewController.swift */ = {isa = PBXFileReference; fileEncoding = 4; lastKnownFileType = sourcecode.swift; path = MapViewController.swift; sourceTree = "<group>"; };
		3E27CB901F438E4A00F99672 /* StudentTableViewController.swift */ = {isa = PBXFileReference; fileEncoding = 4; lastKnownFileType = sourcecode.swift; path = StudentTableViewController.swift; sourceTree = "<group>"; };
		3E27CB921F438FD100F99672 /* StudentTableViewCell.swift */ = {isa = PBXFileReference; fileEncoding = 4; lastKnownFileType = sourcecode.swift; path = StudentTableViewCell.swift; sourceTree = "<group>"; };
		3E4BAA641F3B829B00767A7C /* Constants.swift */ = {isa = PBXFileReference; fileEncoding = 4; lastKnownFileType = sourcecode.swift; path = Constants.swift; sourceTree = "<group>"; };
		3E4FDCF51F3CDFDD00067FB9 /* UdacityClient.swift */ = {isa = PBXFileReference; fileEncoding = 4; lastKnownFileType = sourcecode.swift; path = UdacityClient.swift; sourceTree = "<group>"; };
		3E4FDCF71F3CE23B00067FB9 /* GCDBlackBox.swift */ = {isa = PBXFileReference; fileEncoding = 4; lastKnownFileType = sourcecode.swift; path = GCDBlackBox.swift; sourceTree = "<group>"; };
		3E4FDCF91F3CF0C200067FB9 /* UdacityConvenience.swift */ = {isa = PBXFileReference; fileEncoding = 4; lastKnownFileType = sourcecode.swift; path = UdacityConvenience.swift; sourceTree = "<group>"; };
		3ECB38781F6C0C23004901F8 /* ParseClient.swift */ = {isa = PBXFileReference; fileEncoding = 4; lastKnownFileType = sourcecode.swift; path = ParseClient.swift; sourceTree = "<group>"; };
		3ECB387A1F6C286F004901F8 /* ParseConvenience.swift */ = {isa = PBXFileReference; fileEncoding = 4; lastKnownFileType = sourcecode.swift; path = ParseConvenience.swift; sourceTree = "<group>"; };
/* End PBXFileReference section */

/* Begin PBXFrameworksBuildPhase section */
		3E12570F1F16B66B00E7A557 /* Frameworks */ = {
			isa = PBXFrameworksBuildPhase;
			buildActionMask = 2147483647;
			files = (
			);
			runOnlyForDeploymentPostprocessing = 0;
		};
/* End PBXFrameworksBuildPhase section */

/* Begin PBXGroup section */
		3E1257091F16B66B00E7A557 = {
			isa = PBXGroup;
			children = (
				3E1257141F16B66B00E7A557 /* OnTheMap */,
				3E1257131F16B66B00E7A557 /* Products */,
			);
			sourceTree = "<group>";
		};
		3E1257131F16B66B00E7A557 /* Products */ = {
			isa = PBXGroup;
			children = (
				3E1257121F16B66B00E7A557 /* OnTheMap.app */,
			);
			name = Products;
			sourceTree = "<group>";
		};
		3E1257141F16B66B00E7A557 /* OnTheMap */ = {
			isa = PBXGroup;
			children = (
				3E1257151F16B66B00E7A557 /* AppDelegate.swift */,
				3E4FDCF71F3CE23B00067FB9 /* GCDBlackBox.swift */,
				3E4BAA631F3B825600767A7C /* Model */,
				3E12572D1F16B9E300E7A557 /* View Controllers */,
				3E1257271F16B69D00E7A557 /* Assets */,
				3E1257281F16B6AA00E7A557 /* Supporting Files */,
			);
			path = OnTheMap;
			sourceTree = "<group>";
		};
		3E1257271F16B69D00E7A557 /* Assets */ = {
			isa = PBXGroup;
			children = (
				3E1257191F16B66B00E7A557 /* Main.storyboard */,
				3E12571C1F16B66B00E7A557 /* Assets.xcassets */,
				3E1257291F16B83D00E7A557 /* LaunchScreen.xib */,
			);
			name = Assets;
			sourceTree = "<group>";
		};
		3E1257281F16B6AA00E7A557 /* Supporting Files */ = {
			isa = PBXGroup;
			children = (
				3E1257211F16B66B00E7A557 /* Info.plist */,
			);
			name = "Supporting Files";
			sourceTree = "<group>";
		};
		3E12572D1F16B9E300E7A557 /* View Controllers */ = {
			isa = PBXGroup;
			children = (
				3E12572B1F16B9DA00E7A557 /* LoginViewController.swift */,
				3E27CB8C1F4388EB00F99672 /* MapViewController.swift */,
				3E27CB901F438E4A00F99672 /* StudentTableViewController.swift */,
				3E27CB921F438FD100F99672 /* StudentTableViewCell.swift */,
			);
			name = "View Controllers";
			sourceTree = "<group>";
		};
		3E4BAA631F3B825600767A7C /* Model */ = {
			isa = PBXGroup;
			children = (
				3E4BAA641F3B829B00767A7C /* Constants.swift */,
				3E4FDCF51F3CDFDD00067FB9 /* UdacityClient.swift */,
				3E4FDCF91F3CF0C200067FB9 /* UdacityConvenience.swift */,
				3E27CB881F43716A00F99672 /* StudentInformation.swift */,
				3E27CB8A1F4381C400F99672 /* StudentData.swift */,
				3ECB38781F6C0C23004901F8 /* ParseClient.swift */,
				3ECB387A1F6C286F004901F8 /* ParseConvenience.swift */,
			);
			name = Model;
			sourceTree = "<group>";
		};
/* End PBXGroup section */

/* Begin PBXNativeTarget section */
		3E1257111F16B66B00E7A557 /* OnTheMap */ = {
			isa = PBXNativeTarget;
			buildConfigurationList = 3E1257241F16B66B00E7A557 /* Build configuration list for PBXNativeTarget "OnTheMap" */;
			buildPhases = (
				3E12570E1F16B66B00E7A557 /* Sources */,
				3E12570F1F16B66B00E7A557 /* Frameworks */,
				3E1257101F16B66B00E7A557 /* Resources */,
			);
			buildRules = (
			);
			dependencies = (
			);
			name = OnTheMap;
			productName = OnTheMap;
			productReference = 3E1257121F16B66B00E7A557 /* OnTheMap.app */;
			productType = "com.apple.product-type.application";
		};
/* End PBXNativeTarget section */

/* Begin PBXProject section */
		3E12570A1F16B66B00E7A557 /* Project object */ = {
			isa = PBXProject;
			attributes = {
				LastSwiftUpdateCheck = 0830;
				LastUpgradeCheck = 0830;
				ORGANIZATIONNAME = "Ramon's";
				TargetAttributes = {
					3E1257111F16B66B00E7A557 = {
						CreatedOnToolsVersion = 8.3.2;
						DevelopmentTeam = 37745FX292;
						ProvisioningStyle = Automatic;
					};
				};
			};
			buildConfigurationList = 3E12570D1F16B66B00E7A557 /* Build configuration list for PBXProject "OnTheMap" */;
			compatibilityVersion = "Xcode 3.2";
			developmentRegion = English;
			hasScannedForEncodings = 0;
			knownRegions = (
				en,
				Base,
			);
			mainGroup = 3E1257091F16B66B00E7A557;
			productRefGroup = 3E1257131F16B66B00E7A557 /* Products */;
			projectDirPath = "";
			projectRoot = "";
			targets = (
				3E1257111F16B66B00E7A557 /* OnTheMap */,
			);
		};
/* End PBXProject section */

/* Begin PBXResourcesBuildPhase section */
		3E1257101F16B66B00E7A557 /* Resources */ = {
			isa = PBXResourcesBuildPhase;
			buildActionMask = 2147483647;
			files = (
				3E12572A1F16B83D00E7A557 /* LaunchScreen.xib in Resources */,
				3E12571D1F16B66B00E7A557 /* Assets.xcassets in Resources */,
				3E12571B1F16B66B00E7A557 /* Main.storyboard in Resources */,
			);
			runOnlyForDeploymentPostprocessing = 0;
		};
/* End PBXResourcesBuildPhase section */

/* Begin PBXSourcesBuildPhase section */
		3E12570E1F16B66B00E7A557 /* Sources */ = {
			isa = PBXSourcesBuildPhase;
			buildActionMask = 2147483647;
			files = (
				3E27CB891F43716A00F99672 /* StudentInformation.swift in Sources */,
				3E4FDCF61F3CDFDD00067FB9 /* UdacityClient.swift in Sources */,
				3E12572C1F16B9DA00E7A557 /* LoginViewController.swift in Sources */,
				3E1257161F16B66B00E7A557 /* AppDelegate.swift in Sources */,
				3E27CB911F438E4A00F99672 /* StudentTableViewController.swift in Sources */,
				3E27CB8D1F4388EB00F99672 /* MapViewController.swift in Sources */,
				3ECB38791F6C0C23004901F8 /* ParseClient.swift in Sources */,
				3E4BAA651F3B829B00767A7C /* Constants.swift in Sources */,
				3ECB387B1F6C286F004901F8 /* ParseConvenience.swift in Sources */,
				3E27CB8B1F4381C400F99672 /* StudentData.swift in Sources */,
				3E4FDCF81F3CE23B00067FB9 /* GCDBlackBox.swift in Sources */,
				3E27CB931F438FD100F99672 /* StudentTableViewCell.swift in Sources */,
				3E4FDCFA1F3CF0C200067FB9 /* UdacityConvenience.swift in Sources */,
			);
			runOnlyForDeploymentPostprocessing = 0;
		};
/* End PBXSourcesBuildPhase section */

/* Begin PBXVariantGroup section */
		3E1257191F16B66B00E7A557 /* Main.storyboard */ = {
			isa = PBXVariantGroup;
			children = (
				3E12571A1F16B66B00E7A557 /* Base */,
			);
			name = Main.storyboard;
			sourceTree = "<group>";
		};
/* End PBXVariantGroup section */

/* Begin XCBuildConfiguration section */
		3E1257221F16B66B00E7A557 /* Debug */ = {
			isa = XCBuildConfiguration;
			buildSettings = {
				ALWAYS_SEARCH_USER_PATHS = NO;
				CLANG_ANALYZER_NONNULL = YES;
				CLANG_ANALYZER_NUMBER_OBJECT_CONVERSION = YES_AGGRESSIVE;
				CLANG_CXX_LANGUAGE_STANDARD = "gnu++0x";
				CLANG_CXX_LIBRARY = "libc++";
				CLANG_ENABLE_MODULES = YES;
				CLANG_ENABLE_OBJC_ARC = YES;
				CLANG_WARN_BOOL_CONVERSION = YES;
				CLANG_WARN_CONSTANT_CONVERSION = YES;
				CLANG_WARN_DIRECT_OBJC_ISA_USAGE = YES_ERROR;
				CLANG_WARN_DOCUMENTATION_COMMENTS = YES;
				CLANG_WARN_EMPTY_BODY = YES;
				CLANG_WARN_ENUM_CONVERSION = YES;
				CLANG_WARN_INFINITE_RECURSION = YES;
				CLANG_WARN_INT_CONVERSION = YES;
				CLANG_WARN_OBJC_ROOT_CLASS = YES_ERROR;
				CLANG_WARN_SUSPICIOUS_MOVE = YES;
				CLANG_WARN_UNREACHABLE_CODE = YES;
				CLANG_WARN__DUPLICATE_METHOD_MATCH = YES;
				"CODE_SIGN_IDENTITY[sdk=iphoneos*]" = "iPhone Developer";
				COPY_PHASE_STRIP = NO;
				DEBUG_INFORMATION_FORMAT = dwarf;
				ENABLE_STRICT_OBJC_MSGSEND = YES;
				ENABLE_TESTABILITY = YES;
				GCC_C_LANGUAGE_STANDARD = gnu99;
				GCC_DYNAMIC_NO_PIC = NO;
				GCC_NO_COMMON_BLOCKS = YES;
				GCC_OPTIMIZATION_LEVEL = 0;
				GCC_PREPROCESSOR_DEFINITIONS = (
					"DEBUG=1",
					"$(inherited)",
				);
				GCC_WARN_64_TO_32_BIT_CONVERSION = YES;
				GCC_WARN_ABOUT_RETURN_TYPE = YES_ERROR;
				GCC_WARN_UNDECLARED_SELECTOR = YES;
				GCC_WARN_UNINITIALIZED_AUTOS = YES_AGGRESSIVE;
				GCC_WARN_UNUSED_FUNCTION = YES;
				GCC_WARN_UNUSED_VARIABLE = YES;
				IPHONEOS_DEPLOYMENT_TARGET = 10.3;
				MTL_ENABLE_DEBUG_INFO = YES;
				ONLY_ACTIVE_ARCH = YES;
				SDKROOT = iphoneos;
				SWIFT_ACTIVE_COMPILATION_CONDITIONS = DEBUG;
				SWIFT_OPTIMIZATION_LEVEL = "-Onone";
				TARGETED_DEVICE_FAMILY = "1,2";
			};
			name = Debug;
		};
		3E1257231F16B66B00E7A557 /* Release */ = {
			isa = XCBuildConfiguration;
			buildSettings = {
				ALWAYS_SEARCH_USER_PATHS = NO;
				CLANG_ANALYZER_NONNULL = YES;
				CLANG_ANALYZER_NUMBER_OBJECT_CONVERSION = YES_AGGRESSIVE;
				CLANG_CXX_LANGUAGE_STANDARD = "gnu++0x";
				CLANG_CXX_LIBRARY = "libc++";
				CLANG_ENABLE_MODULES = YES;
				CLANG_ENABLE_OBJC_ARC = YES;
				CLANG_WARN_BOOL_CONVERSION = YES;
				CLANG_WARN_CONSTANT_CONVERSION = YES;
				CLANG_WARN_DIRECT_OBJC_ISA_USAGE = YES_ERROR;
				CLANG_WARN_DOCUMENTATION_COMMENTS = YES;
				CLANG_WARN_EMPTY_BODY = YES;
				CLANG_WARN_ENUM_CONVERSION = YES;
				CLANG_WARN_INFINITE_RECURSION = YES;
				CLANG_WARN_INT_CONVERSION = YES;
				CLANG_WARN_OBJC_ROOT_CLASS = YES_ERROR;
				CLANG_WARN_SUSPICIOUS_MOVE = YES;
				CLANG_WARN_UNREACHABLE_CODE = YES;
				CLANG_WARN__DUPLICATE_METHOD_MATCH = YES;
				"CODE_SIGN_IDENTITY[sdk=iphoneos*]" = "iPhone Developer";
				COPY_PHASE_STRIP = NO;
				DEBUG_INFORMATION_FORMAT = "dwarf-with-dsym";
				ENABLE_NS_ASSERTIONS = NO;
				ENABLE_STRICT_OBJC_MSGSEND = YES;
				GCC_C_LANGUAGE_STANDARD = gnu99;
				GCC_NO_COMMON_BLOCKS = YES;
				GCC_WARN_64_TO_32_BIT_CONVERSION = YES;
				GCC_WARN_ABOUT_RETURN_TYPE = YES_ERROR;
				GCC_WARN_UNDECLARED_SELECTOR = YES;
				GCC_WARN_UNINITIALIZED_AUTOS = YES_AGGRESSIVE;
				GCC_WARN_UNUSED_FUNCTION = YES;
				GCC_WARN_UNUSED_VARIABLE = YES;
				IPHONEOS_DEPLOYMENT_TARGET = 10.3;
				MTL_ENABLE_DEBUG_INFO = NO;
				SDKROOT = iphoneos;
				SWIFT_OPTIMIZATION_LEVEL = "-Owholemodule";
				TARGETED_DEVICE_FAMILY = "1,2";
				VALIDATE_PRODUCT = YES;
			};
			name = Release;
		};
		3E1257251F16B66B00E7A557 /* Debug */ = {
			isa = XCBuildConfiguration;
			buildSettings = {
				ASSETCATALOG_COMPILER_APPICON_NAME = AppIcon;
				DEVELOPMENT_TEAM = 37745FX292;
				INFOPLIST_FILE = OnTheMap/Info.plist;
				LD_RUNPATH_SEARCH_PATHS = "$(inherited) @executable_path/Frameworks";
				PRODUCT_BUNDLE_IDENTIFIER = com.noaa.OnTheMap;
				PRODUCT_NAME = "$(TARGET_NAME)";
				SWIFT_VERSION = 3.0;
			};
			name = Debug;
		};
		3E1257261F16B66B00E7A557 /* Release */ = {
			isa = XCBuildConfiguration;
			buildSettings = {
				ASSETCATALOG_COMPILER_APPICON_NAME = AppIcon;
				DEVELOPMENT_TEAM = 37745FX292;
				INFOPLIST_FILE = OnTheMap/Info.plist;
				LD_RUNPATH_SEARCH_PATHS = "$(inherited) @executable_path/Frameworks";
				PRODUCT_BUNDLE_IDENTIFIER = com.noaa.OnTheMap;
				PRODUCT_NAME = "$(TARGET_NAME)";
				SWIFT_VERSION = 3.0;
			};
			name = Release;
		};
/* End XCBuildConfiguration section */

/* Begin XCConfigurationList section */
		3E12570D1F16B66B00E7A557 /* Build configuration list for PBXProject "OnTheMap" */ = {
			isa = XCConfigurationList;
			buildConfigurations = (
				3E1257221F16B66B00E7A557 /* Debug */,
				3E1257231F16B66B00E7A557 /* Release */,
			);
			defaultConfigurationIsVisible = 0;
			defaultConfigurationName = Release;
		};
		3E1257241F16B66B00E7A557 /* Build configuration list for PBXNativeTarget "OnTheMap" */ = {
			isa = XCConfigurationList;
			buildConfigurations = (
				3E1257251F16B66B00E7A557 /* Debug */,
				3E1257261F16B66B00E7A557 /* Release */,
			);
			defaultConfigurationIsVisible = 0;
			defaultConfigurationName = Release;
		};
/* End XCConfigurationList section */
	};
	rootObject = 3E12570A1F16B66B00E7A557 /* Project object */;
}
